
Microsoft Visual Studio Solution File, Format Version 12.00
# Visual Studio Version 17
VisualStudioVersion = 17.2.32630.192
MinimumVisualStudioVersion = 10.0.40219.1
Project("{9A19103F-16F7-4668-BE54-9A1E7A4F7556}") = "Calculator", "Calculator\Calculator.csproj", "{98E4F68C-3952-47A5-8007-5C2D5283ADEC}"
EndProject
Project("{FAE04EC0-301F-11D3-BF4B-00C04F79EFBC}") = "ImageGenerator", "ImageGenerator\ImageGenerator.csproj", "{10346844-6AE6-4395-9CE9-20F4B1F68760}"
EndProject
Project("{9A19103F-16F7-4668-BE54-9A1E7A4F7556}") = "ImageFun", "ImageFun\ImageFun.csproj", "{7388891B-A9F4-406D-B8A3-F5D739B9A227}"
EndProject
Project("{FAE04EC0-301F-11D3-BF4B-00C04F79EFBC}") = "VialLogParsing", "VialLogParsing\VialLogParsing.csproj", "{F9CABAAB-EB65-4E27-BBDF-C003748176BA}"
EndProject
Global
	GlobalSection(SolutionConfigurationPlatforms) = preSolution
		Debug|Any CPU = Debug|Any CPU
		Release|Any CPU = Release|Any CPU
	EndGlobalSection
	GlobalSection(ProjectConfigurationPlatforms) = postSolution
		{98E4F68C-3952-47A5-8007-5C2D5283ADEC}.Debug|Any CPU.ActiveCfg = Debug|Any CPU
		{98E4F68C-3952-47A5-8007-5C2D5283ADEC}.Debug|Any CPU.Build.0 = Debug|Any CPU
		{98E4F68C-3952-47A5-8007-5C2D5283ADEC}.Release|Any CPU.ActiveCfg = Release|Any CPU
		{98E4F68C-3952-47A5-8007-5C2D5283ADEC}.Release|Any CPU.Build.0 = Release|Any CPU
		{10346844-6AE6-4395-9CE9-20F4B1F68760}.Debug|Any CPU.ActiveCfg = Debug|Any CPU
		{10346844-6AE6-4395-9CE9-20F4B1F68760}.Debug|Any CPU.Build.0 = Debug|Any CPU
		{10346844-6AE6-4395-9CE9-20F4B1F68760}.Release|Any CPU.ActiveCfg = Release|Any CPU
		{10346844-6AE6-4395-9CE9-20F4B1F68760}.Release|Any CPU.Build.0 = Release|Any CPU
		{7388891B-A9F4-406D-B8A3-F5D739B9A227}.Debug|Any CPU.ActiveCfg = Debug|Any CPU
		{7388891B-A9F4-406D-B8A3-F5D739B9A227}.Debug|Any CPU.Build.0 = Debug|Any CPU
		{7388891B-A9F4-406D-B8A3-F5D739B9A227}.Release|Any CPU.ActiveCfg = Release|Any CPU
		{7388891B-A9F4-406D-B8A3-F5D739B9A227}.Release|Any CPU.Build.0 = Release|Any CPU
		{F9CABAAB-EB65-4E27-BBDF-C003748176BA}.Debug|Any CPU.ActiveCfg = Debug|Any CPU
		{F9CABAAB-EB65-4E27-BBDF-C003748176BA}.Debug|Any CPU.Build.0 = Debug|Any CPU
		{F9CABAAB-EB65-4E27-BBDF-C003748176BA}.Release|Any CPU.ActiveCfg = Release|Any CPU
		{F9CABAAB-EB65-4E27-BBDF-C003748176BA}.Release|Any CPU.Build.0 = Release|Any CPU
	EndGlobalSection
	GlobalSection(SolutionProperties) = preSolution
		HideSolutionNode = FALSE
	EndGlobalSection
	GlobalSection(ExtensibilityGlobals) = postSolution
		SolutionGuid = {1C37108B-EFE5-40EF-A133-E2B9ADB975C8}
	EndGlobalSection
EndGlobal
